// !$*UTF8*$!
{
	archiveVersion = 1;
	classes = {
	};
	objectVersion = 56;
	objects = {

/* Begin PBXBuildFile section */
		49FD02DF2B9F02CD00F66DA8 /* AppDelegate.m in Sources */ = {isa = PBXBuildFile; fileRef = 49FD02DE2B9F02CD00F66DA8 /* AppDelegate.m */; };
		49FD02E22B9F02CD00F66DA8 /* SceneDelegate.m in Sources */ = {isa = PBXBuildFile; fileRef = 49FD02E12B9F02CD00F66DA8 /* SceneDelegate.m */; };
		49FD02EA2B9F02CE00F66DA8 /* Assets.xcassets in Resources */ = {isa = PBXBuildFile; fileRef = 49FD02E92B9F02CE00F66DA8 /* Assets.xcassets */; };
		49FD02ED2B9F02CE00F66DA8 /* LaunchScreen.storyboard in Resources */ = {isa = PBXBuildFile; fileRef = 49FD02EB2B9F02CE00F66DA8 /* LaunchScreen.storyboard */; };
		49FD02F02B9F02CE00F66DA8 /* main.m in Sources */ = {isa = PBXBuildFile; fileRef = 49FD02EF2B9F02CE00F66DA8 /* main.m */; };
		49FD02F82B9F042D00F66DA8 /* OCShellTabBarController.m in Sources */ = {isa = PBXBuildFile; fileRef = 49FD02F72B9F042D00F66DA8 /* OCShellTabBarController.m */; };
		49FD02FB2B9F044A00F66DA8 /* OCShellObjectiveCViewController.m in Sources */ = {isa = PBXBuildFile; fileRef = 49FD02FA2B9F044A00F66DA8 /* OCShellObjectiveCViewController.m */; };
		49FD02FF2B9F046900F66DA8 /* OCShellSwiftViewController.swift in Sources */ = {isa = PBXBuildFile; fileRef = 49FD02FE2B9F046900F66DA8 /* OCShellSwiftViewController.swift */; };
		49FD03022B9F04D800F66DA8 /* OCShellOCUtils.m in Sources */ = {isa = PBXBuildFile; fileRef = 49FD03012B9F04D800F66DA8 /* OCShellOCUtils.m */; };
		49FD03052B9F04F100F66DA8 /* OCShellSwiftUtils.swift in Sources */ = {isa = PBXBuildFile; fileRef = 49FD03042B9F04F100F66DA8 /* OCShellSwiftUtils.swift */; };
		D9A65179B173D186C75FA022 /* Pods_OCShellApp.framework in Frameworks */ = {isa = PBXBuildFile; fileRef = B52AE8312B3CD136CA60194C /* Pods_OCShellApp.framework */; };
/* End PBXBuildFile section */

/* Begin PBXFileReference section */
		49FD02DA2B9F02CD00F66DA8 /* OCShellApp.app */ = {isa = PBXFileReference; explicitFileType = wrapper.application; includeInIndex = 0; path = OCShellApp.app; sourceTree = BUILT_PRODUCTS_DIR; };
		49FD02DD2B9F02CD00F66DA8 /* AppDelegate.h */ = {isa = PBXFileReference; lastKnownFileType = sourcecode.c.h; path = AppDelegate.h; sourceTree = "<group>"; };
		49FD02DE2B9F02CD00F66DA8 /* AppDelegate.m */ = {isa = PBXFileReference; lastKnownFileType = sourcecode.c.objc; path = AppDelegate.m; sourceTree = "<group>"; };
		49FD02E02B9F02CD00F66DA8 /* SceneDelegate.h */ = {isa = PBXFileReference; lastKnownFileType = sourcecode.c.h; path = SceneDelegate.h; sourceTree = "<group>"; };
		49FD02E12B9F02CD00F66DA8 /* SceneDelegate.m */ = {isa = PBXFileReference; lastKnownFileType = sourcecode.c.objc; path = SceneDelegate.m; sourceTree = "<group>"; };
		49FD02E92B9F02CE00F66DA8 /* Assets.xcassets */ = {isa = PBXFileReference; lastKnownFileType = folder.assetcatalog; path = Assets.xcassets; sourceTree = "<group>"; };
		49FD02EC2B9F02CE00F66DA8 /* Base */ = {isa = PBXFileReference; lastKnownFileType = file.storyboard; name = Base; path = Base.lproj/LaunchScreen.storyboard; sourceTree = "<group>"; };
		49FD02EE2B9F02CE00F66DA8 /* Info.plist */ = {isa = PBXFileReference; lastKnownFileType = text.plist.xml; path = Info.plist; sourceTree = "<group>"; };
		49FD02EF2B9F02CE00F66DA8 /* main.m */ = {isa = PBXFileReference; lastKnownFileType = sourcecode.c.objc; path = main.m; sourceTree = "<group>"; };
		49FD02F62B9F042D00F66DA8 /* OCShellTabBarController.h */ = {isa = PBXFileReference; lastKnownFileType = sourcecode.c.h; path = OCShellTabBarController.h; sourceTree = "<group>"; };
		49FD02F72B9F042D00F66DA8 /* OCShellTabBarController.m */ = {isa = PBXFileReference; lastKnownFileType = sourcecode.c.objc; path = OCShellTabBarController.m; sourceTree = "<group>"; };
		49FD02F92B9F044A00F66DA8 /* OCShellObjectiveCViewController.h */ = {isa = PBXFileReference; lastKnownFileType = sourcecode.c.h; path = OCShellObjectiveCViewController.h; sourceTree = "<group>"; };
		49FD02FA2B9F044A00F66DA8 /* OCShellObjectiveCViewController.m */ = {isa = PBXFileReference; lastKnownFileType = sourcecode.c.objc; path = OCShellObjectiveCViewController.m; sourceTree = "<group>"; };
		49FD02FD2B9F046900F66DA8 /* OCShellApp-Bridging-Header.h */ = {isa = PBXFileReference; lastKnownFileType = sourcecode.c.h; path = "OCShellApp-Bridging-Header.h"; sourceTree = "<group>"; };
		49FD02FE2B9F046900F66DA8 /* OCShellSwiftViewController.swift */ = {isa = PBXFileReference; lastKnownFileType = sourcecode.swift; path = OCShellSwiftViewController.swift; sourceTree = "<group>"; };
		49FD03002B9F04D800F66DA8 /* OCShellOCUtils.h */ = {isa = PBXFileReference; lastKnownFileType = sourcecode.c.h; path = OCShellOCUtils.h; sourceTree = "<group>"; };
		49FD03012B9F04D800F66DA8 /* OCShellOCUtils.m */ = {isa = PBXFileReference; lastKnownFileType = sourcecode.c.objc; path = OCShellOCUtils.m; sourceTree = "<group>"; };
		49FD03042B9F04F100F66DA8 /* OCShellSwiftUtils.swift */ = {isa = PBXFileReference; lastKnownFileType = sourcecode.swift; path = OCShellSwiftUtils.swift; sourceTree = "<group>"; };
		ABFE239F6F242B139119E08B /* Pods-OCShellApp.debug.xcconfig */ = {isa = PBXFileReference; includeInIndex = 1; lastKnownFileType = text.xcconfig; name = "Pods-OCShellApp.debug.xcconfig"; path = "Target Support Files/Pods-OCShellApp/Pods-OCShellApp.debug.xcconfig"; sourceTree = "<group>"; };
		B52AE8312B3CD136CA60194C /* Pods_OCShellApp.framework */ = {isa = PBXFileReference; explicitFileType = wrapper.framework; includeInIndex = 0; path = Pods_OCShellApp.framework; sourceTree = BUILT_PRODUCTS_DIR; };
		D53CAFC6D3DDC028A4DD782F /* Pods-OCShellApp.release.xcconfig */ = {isa = PBXFileReference; includeInIndex = 1; lastKnownFileType = text.xcconfig; name = "Pods-OCShellApp.release.xcconfig"; path = "Target Support Files/Pods-OCShellApp/Pods-OCShellApp.release.xcconfig"; sourceTree = "<group>"; };
/* End PBXFileReference section */

/* Begin PBXFrameworksBuildPhase section */
		49FD02D72B9F02CD00F66DA8 /* Frameworks */ = {
			isa = PBXFrameworksBuildPhase;
			buildActionMask = 2147483647;
			files = (
				D9A65179B173D186C75FA022 /* Pods_OCShellApp.framework in Frameworks */,
			);
			runOnlyForDeploymentPostprocessing = 0;
		};
/* End PBXFrameworksBuildPhase section */

/* Begin PBXGroup section */
		138FDF0C64EDDDA0C89A03F5 /* Frameworks */ = {
			isa = PBXGroup;
			children = (
				B52AE8312B3CD136CA60194C /* Pods_OCShellApp.framework */,
			);
			name = Frameworks;
			sourceTree = "<group>";
		};
		49FD02D12B9F02CD00F66DA8 = {
			isa = PBXGroup;
			children = (
				49FD02DC2B9F02CD00F66DA8 /* OCShellApp */,
				49FD02DB2B9F02CD00F66DA8 /* Products */,
				B4B05518319FD15DA3C0BB63 /* Pods */,
				138FDF0C64EDDDA0C89A03F5 /* Frameworks */,
			);
			sourceTree = "<group>";
		};
		49FD02DB2B9F02CD00F66DA8 /* Products */ = {
			isa = PBXGroup;
			children = (
				49FD02DA2B9F02CD00F66DA8 /* OCShellApp.app */,
			);
			name = Products;
			sourceTree = "<group>";
		};
		49FD02DC2B9F02CD00F66DA8 /* OCShellApp */ = {
			isa = PBXGroup;
			children = (
				49FD02DD2B9F02CD00F66DA8 /* AppDelegate.h */,
				49FD02DE2B9F02CD00F66DA8 /* AppDelegate.m */,
				49FD02E02B9F02CD00F66DA8 /* SceneDelegate.h */,
				49FD02E12B9F02CD00F66DA8 /* SceneDelegate.m */,
				49FD02E92B9F02CE00F66DA8 /* Assets.xcassets */,
				49FD02EB2B9F02CE00F66DA8 /* LaunchScreen.storyboard */,
				49FD02EE2B9F02CE00F66DA8 /* Info.plist */,
				49FD02EF2B9F02CE00F66DA8 /* main.m */,
				49FD02FC2B9F044E00F66DA8 /* Controllers */,
				49FD03032B9F04DB00F66DA8 /* Utils */,
			);
			path = OCShellApp;
			sourceTree = "<group>";
		};
		49FD02FC2B9F044E00F66DA8 /* Controllers */ = {
			isa = PBXGroup;
			children = (
				49FD02F62B9F042D00F66DA8 /* OCShellTabBarController.h */,
				49FD02F72B9F042D00F66DA8 /* OCShellTabBarController.m */,
				49FD02F92B9F044A00F66DA8 /* OCShellObjectiveCViewController.h */,
				49FD02FA2B9F044A00F66DA8 /* OCShellObjectiveCViewController.m */,
				49FD02FE2B9F046900F66DA8 /* OCShellSwiftViewController.swift */,
				49FD02FD2B9F046900F66DA8 /* OCShellApp-Bridging-Header.h */,
			);
			path = Controllers;
			sourceTree = "<group>";
		};
		49FD03032B9F04DB00F66DA8 /* Utils */ = {
			isa = PBXGroup;
			children = (
				49FD03002B9F04D800F66DA8 /* OCShellOCUtils.h */,
				49FD03012B9F04D800F66DA8 /* OCShellOCUtils.m */,
				49FD03042B9F04F100F66DA8 /* OCShellSwiftUtils.swift */,
			);
			path = Utils;
			sourceTree = "<group>";
		};
		B4B05518319FD15DA3C0BB63 /* Pods */ = {
			isa = PBXGroup;
			children = (
				ABFE239F6F242B139119E08B /* Pods-OCShellApp.debug.xcconfig */,
				D53CAFC6D3DDC028A4DD782F /* Pods-OCShellApp.release.xcconfig */,
			);
			name = Pods;
			path = Pods;
			sourceTree = "<group>";
		};
/* End PBXGroup section */

/* Begin PBXNativeTarget section */
		49FD02D92B9F02CD00F66DA8 /* OCShellApp */ = {
			isa = PBXNativeTarget;
			buildConfigurationList = 49FD02F32B9F02CE00F66DA8 /* Build configuration list for PBXNativeTarget "OCShellApp" */;
			buildPhases = (
				A29E33AE59CF16304F607424 /* [CP] Check Pods Manifest.lock */,
				49FD02D62B9F02CD00F66DA8 /* Sources */,
				49FD02D72B9F02CD00F66DA8 /* Frameworks */,
				49FD02D82B9F02CD00F66DA8 /* Resources */,
				7E2BB92D054F71CF899C8311 /* [CP] Embed Pods Frameworks */,
			);
			buildRules = (
			);
			dependencies = (
			);
			name = OCShellApp;
			productName = OCShellApp;
			productReference = 49FD02DA2B9F02CD00F66DA8 /* OCShellApp.app */;
			productType = "com.apple.product-type.application";
		};
/* End PBXNativeTarget section */

/* Begin PBXProject section */
		49FD02D22B9F02CD00F66DA8 /* Project object */ = {
			isa = PBXProject;
			attributes = {
				BuildIndependentTargetsInParallel = 1;
				LastUpgradeCheck = 1430;
				TargetAttributes = {
					49FD02D92B9F02CD00F66DA8 = {
						CreatedOnToolsVersion = 14.3;
						LastSwiftMigration = 1430;
					};
				};
			};
			buildConfigurationList = 49FD02D52B9F02CD00F66DA8 /* Build configuration list for PBXProject "OCShellApp" */;
			compatibilityVersion = "Xcode 14.0";
			developmentRegion = en;
			hasScannedForEncodings = 0;
			knownRegions = (
				en,
				Base,
			);
			mainGroup = 49FD02D12B9F02CD00F66DA8;
			productRefGroup = 49FD02DB2B9F02CD00F66DA8 /* Products */;
			projectDirPath = "";
			projectRoot = "";
			targets = (
				49FD02D92B9F02CD00F66DA8 /* OCShellApp */,
			);
		};
/* End PBXProject section */

/* Begin PBXResourcesBuildPhase section */
		49FD02D82B9F02CD00F66DA8 /* Resources */ = {
			isa = PBXResourcesBuildPhase;
			buildActionMask = 2147483647;
			files = (
				49FD02ED2B9F02CE00F66DA8 /* LaunchScreen.storyboard in Resources */,
				49FD02EA2B9F02CE00F66DA8 /* Assets.xcassets in Resources */,
			);
			runOnlyForDeploymentPostprocessing = 0;
		};
/* End PBXResourcesBuildPhase section */

/* Begin PBXShellScriptBuildPhase section */
		7E2BB92D054F71CF899C8311 /* [CP] Embed Pods Frameworks */ = {
			isa = PBXShellScriptBuildPhase;
			buildActionMask = 2147483647;
			files = (
			);
			inputFileListPaths = (
				"${PODS_ROOT}/Target Support Files/Pods-OCShellApp/Pods-OCShellApp-frameworks-${CONFIGURATION}-input-files.xcfilelist",
			);
			name = "[CP] Embed Pods Frameworks";
			outputFileListPaths = (
				"${PODS_ROOT}/Target Support Files/Pods-OCShellApp/Pods-OCShellApp-frameworks-${CONFIGURATION}-output-files.xcfilelist",
			);
			runOnlyForDeploymentPostprocessing = 0;
			shellPath = /bin/sh;
			shellScript = "\"${PODS_ROOT}/Target Support Files/Pods-OCShellApp/Pods-OCShellApp-frameworks.sh\"\n";
			showEnvVarsInLog = 0;
		};
		A29E33AE59CF16304F607424 /* [CP] Check Pods Manifest.lock */ = {
			isa = PBXShellScriptBuildPhase;
			buildActionMask = 2147483647;
			files = (
			);
			inputFileListPaths = (
			);
			inputPaths = (
				"${PODS_PODFILE_DIR_PATH}/Podfile.lock",
				"${PODS_ROOT}/Manifest.lock",
			);
			name = "[CP] Check Pods Manifest.lock";
			outputFileListPaths = (
			);
			outputPaths = (
				"$(DERIVED_FILE_DIR)/Pods-OCShellApp-checkManifestLockResult.txt",
			);
			runOnlyForDeploymentPostprocessing = 0;
			shellPath = /bin/sh;
			shellScript = "diff \"${PODS_PODFILE_DIR_PATH}/Podfile.lock\" \"${PODS_ROOT}/Manifest.lock\" > /dev/null\nif [ $? != 0 ] ; then\n    # print error to STDERR\n    echo \"error: The sandbox is not in sync with the Podfile.lock. Run 'pod install' or update your CocoaPods installation.\" >&2\n    exit 1\nfi\n# This output is used by Xcode 'outputs' to avoid re-running this script phase.\necho \"SUCCESS\" > \"${SCRIPT_OUTPUT_FILE_0}\"\n";
			showEnvVarsInLog = 0;
		};
/* End PBXShellScriptBuildPhase section */

/* Begin PBXSourcesBuildPhase section */
		49FD02D62B9F02CD00F66DA8 /* Sources */ = {
			isa = PBXSourcesBuildPhase;
			buildActionMask = 2147483647;
			files = (
				49FD02DF2B9F02CD00F66DA8 /* AppDelegate.m in Sources */,
				49FD03052B9F04F100F66DA8 /* OCShellSwiftUtils.swift in Sources */,
				49FD02FB2B9F044A00F66DA8 /* OCShellObjectiveCViewController.m in Sources */,
				49FD02F82B9F042D00F66DA8 /* OCShellTabBarController.m in Sources */,
				49FD03022B9F04D800F66DA8 /* OCShellOCUtils.m in Sources */,
				49FD02F02B9F02CE00F66DA8 /* main.m in Sources */,
				49FD02FF2B9F046900F66DA8 /* OCShellSwiftViewController.swift in Sources */,
				49FD02E22B9F02CD00F66DA8 /* SceneDelegate.m in Sources */,
			);
			runOnlyForDeploymentPostprocessing = 0;
		};
/* End PBXSourcesBuildPhase section */

/* Begin PBXVariantGroup section */
		49FD02EB2B9F02CE00F66DA8 /* LaunchScreen.storyboard */ = {
			isa = PBXVariantGroup;
			children = (
				49FD02EC2B9F02CE00F66DA8 /* Base */,
			);
			name = LaunchScreen.storyboard;
			sourceTree = "<group>";
		};
/* End PBXVariantGroup section */

/* Begin XCBuildConfiguration section */
		49FD02F12B9F02CE00F66DA8 /* Debug */ = {
			isa = XCBuildConfiguration;
			buildSettings = {
				ALWAYS_SEARCH_USER_PATHS = NO;
				CLANG_ANALYZER_NONNULL = YES;
				CLANG_ANALYZER_NUMBER_OBJECT_CONVERSION = YES_AGGRESSIVE;
				CLANG_CXX_LANGUAGE_STANDARD = "gnu++20";
				CLANG_ENABLE_MODULES = YES;
				CLANG_ENABLE_OBJC_ARC = YES;
				CLANG_ENABLE_OBJC_WEAK = YES;
				CLANG_WARN_BLOCK_CAPTURE_AUTORELEASING = YES;
				CLANG_WARN_BOOL_CONVERSION = YES;
				CLANG_WARN_COMMA = YES;
				CLANG_WARN_CONSTANT_CONVERSION = YES;
				CLANG_WARN_DEPRECATED_OBJC_IMPLEMENTATIONS = YES;
				CLANG_WARN_DIRECT_OBJC_ISA_USAGE = YES_ERROR;
				CLANG_WARN_DOCUMENTATION_COMMENTS = YES;
				CLANG_WARN_EMPTY_BODY = YES;
				CLANG_WARN_ENUM_CONVERSION = YES;
				CLANG_WARN_INFINITE_RECURSION = YES;
				CLANG_WARN_INT_CONVERSION = YES;
				CLANG_WARN_NON_LITERAL_NULL_CONVERSION = YES;
				CLANG_WARN_OBJC_IMPLICIT_RETAIN_SELF = YES;
				CLANG_WARN_OBJC_LITERAL_CONVERSION = YES;
				CLANG_WARN_OBJC_ROOT_CLASS = YES_ERROR;
				CLANG_WARN_QUOTED_INCLUDE_IN_FRAMEWORK_HEADER = YES;
				CLANG_WARN_RANGE_LOOP_ANALYSIS = YES;
				CLANG_WARN_STRICT_PROTOTYPES = YES;
				CLANG_WARN_SUSPICIOUS_MOVE = YES;
				CLANG_WARN_UNGUARDED_AVAILABILITY = YES_AGGRESSIVE;
				CLANG_WARN_UNREACHABLE_CODE = YES;
				CLANG_WARN__DUPLICATE_METHOD_MATCH = YES;
				COPY_PHASE_STRIP = NO;
				DEBUG_INFORMATION_FORMAT = dwarf;
				ENABLE_STRICT_OBJC_MSGSEND = YES;
				ENABLE_TESTABILITY = YES;
				GCC_C_LANGUAGE_STANDARD = gnu11;
				GCC_DYNAMIC_NO_PIC = NO;
				GCC_NO_COMMON_BLOCKS = YES;
				GCC_OPTIMIZATION_LEVEL = 0;
				GCC_PREPROCESSOR_DEFINITIONS = (
					"DEBUG=1",
					"$(inherited)",
				);
				GCC_WARN_64_TO_32_BIT_CONVERSION = YES;
				GCC_WARN_ABOUT_RETURN_TYPE = YES_ERROR;
				GCC_WARN_UNDECLARED_SELECTOR = YES;
				GCC_WARN_UNINITIALIZED_AUTOS = YES_AGGRESSIVE;
				GCC_WARN_UNUSED_FUNCTION = YES;
				GCC_WARN_UNUSED_VARIABLE = YES;
				IPHONEOS_DEPLOYMENT_TARGET = 16.4;
				MTL_ENABLE_DEBUG_INFO = INCLUDE_SOURCE;
				MTL_FAST_MATH = YES;
				ONLY_ACTIVE_ARCH = YES;
				SDKROOT = iphoneos;
			};
			name = Debug;
		};
		49FD02F22B9F02CE00F66DA8 /* Release */ = {
			isa = XCBuildConfiguration;
			buildSettings = {
				ALWAYS_SEARCH_USER_PATHS = NO;
				CLANG_ANALYZER_NONNULL = YES;
				CLANG_ANALYZER_NUMBER_OBJECT_CONVERSION = YES_AGGRESSIVE;
				CLANG_CXX_LANGUAGE_STANDARD = "gnu++20";
				CLANG_ENABLE_MODULES = YES;
				CLANG_ENABLE_OBJC_ARC = YES;
				CLANG_ENABLE_OBJC_WEAK = YES;
				CLANG_WARN_BLOCK_CAPTURE_AUTORELEASING = YES;
				CLANG_WARN_BOOL_CONVERSION = YES;
				CLANG_WARN_COMMA = YES;
				CLANG_WARN_CONSTANT_CONVERSION = YES;
				CLANG_WARN_DEPRECATED_OBJC_IMPLEMENTATIONS = YES;
				CLANG_WARN_DIRECT_OBJC_ISA_USAGE = YES_ERROR;
				CLANG_WARN_DOCUMENTATION_COMMENTS = YES;
				CLANG_WARN_EMPTY_BODY = YES;
				CLANG_WARN_ENUM_CONVERSION = YES;
				CLANG_WARN_INFINITE_RECURSION = YES;
				CLANG_WARN_INT_CONVERSION = YES;
				CLANG_WARN_NON_LITERAL_NULL_CONVERSION = YES;
				CLANG_WARN_OBJC_IMPLICIT_RETAIN_SELF = YES;
				CLANG_WARN_OBJC_LITERAL_CONVERSION = YES;
				CLANG_WARN_OBJC_ROOT_CLASS = YES_ERROR;
				CLANG_WARN_QUOTED_INCLUDE_IN_FRAMEWORK_HEADER = YES;
				CLANG_WARN_RANGE_LOOP_ANALYSIS = YES;
				CLANG_WARN_STRICT_PROTOTYPES = YES;
				CLANG_WARN_SUSPICIOUS_MOVE = YES;
				CLANG_WARN_UNGUARDED_AVAILABILITY = YES_AGGRESSIVE;
				CLANG_WARN_UNREACHABLE_CODE = YES;
				CLANG_WARN__DUPLICATE_METHOD_MATCH = YES;
				COPY_PHASE_STRIP = NO;
				DEBUG_INFORMATION_FORMAT = "dwarf-with-dsym";
				ENABLE_NS_ASSERTIONS = NO;
				ENABLE_STRICT_OBJC_MSGSEND = YES;
				GCC_C_LANGUAGE_STANDARD = gnu11;
				GCC_NO_COMMON_BLOCKS = YES;
				GCC_WARN_64_TO_32_BIT_CONVERSION = YES;
				GCC_WARN_ABOUT_RETURN_TYPE = YES_ERROR;
				GCC_WARN_UNDECLARED_SELECTOR = YES;
				GCC_WARN_UNINITIALIZED_AUTOS = YES_AGGRESSIVE;
				GCC_WARN_UNUSED_FUNCTION = YES;
				GCC_WARN_UNUSED_VARIABLE = YES;
				IPHONEOS_DEPLOYMENT_TARGET = 16.4;
				MTL_ENABLE_DEBUG_INFO = NO;
				MTL_FAST_MATH = YES;
				SDKROOT = iphoneos;
				VALIDATE_PRODUCT = YES;
			};
			name = Release;
		};
		49FD02F42B9F02CE00F66DA8 /* Debug */ = {
			isa = XCBuildConfiguration;
			baseConfigurationReference = ABFE239F6F242B139119E08B /* Pods-OCShellApp.debug.xcconfig */;
			buildSettings = {
				ASSETCATALOG_COMPILER_APPICON_NAME = AppIcon;
				ASSETCATALOG_COMPILER_GLOBAL_ACCENT_COLOR_NAME = AccentColor;
				CLANG_ENABLE_MODULES = YES;
				CODE_SIGN_STYLE = Automatic;
				CURRENT_PROJECT_VERSION = 1;
				DEVELOPMENT_TEAM = G5HUH99PBY;
				GENERATE_INFOPLIST_FILE = YES;
				INFOPLIST_FILE = OCShellApp/Info.plist;
				INFOPLIST_KEY_UIApplicationSupportsIndirectInputEvents = YES;
				INFOPLIST_KEY_UILaunchStoryboardName = LaunchScreen;
				INFOPLIST_KEY_UISupportedInterfaceOrientations_iPad = "UIInterfaceOrientationPortrait UIInterfaceOrientationPortraitUpsideDown UIInterfaceOrientationLandscapeLeft UIInterfaceOrientationLandscapeRight";
				INFOPLIST_KEY_UISupportedInterfaceOrientations_iPhone = "UIInterfaceOrientationPortrait UIInterfaceOrientationLandscapeLeft UIInterfaceOrientationLandscapeRight";
				LD_RUNPATH_SEARCH_PATHS = (
					"$(inherited)",
					"@executable_path/Frameworks",
				);
				MARKETING_VERSION = 1.0;
				PRODUCT_BUNDLE_IDENTIFIER = com.satori.OCShellApp;
				PRODUCT_NAME = "$(TARGET_NAME)";
				SWIFT_EMIT_LOC_STRINGS = YES;
				SWIFT_OBJC_BRIDGING_HEADER = "OCShellApp/Controllers/OCShellApp-Bridging-Header.h";
				SWIFT_OPTIMIZATION_LEVEL = "-Onone";
				SWIFT_VERSION = 5.0;
				TARGETED_DEVICE_FAMILY = "1,2";
			};
			name = Debug;
		};
		49FD02F52B9F02CE00F66DA8 /* Release */ = {
			isa = XCBuildConfiguration;
			baseConfigurationReference = D53CAFC6D3DDC028A4DD782F /* Pods-OCShellApp.release.xcconfig */;
			buildSettings = {
				ASSETCATALOG_COMPILER_APPICON_NAME = AppIcon;
				ASSETCATALOG_COMPILER_GLOBAL_ACCENT_COLOR_NAME = AccentColor;
				CLANG_ENABLE_MODULES = YES;
				CODE_SIGN_STYLE = Automatic;
				CURRENT_PROJECT_VERSION = 1;
				DEVELOPMENT_TEAM = G5HUH99PBY;
				GENERATE_INFOPLIST_FILE = YES;
				INFOPLIST_FILE = OCShellApp/Info.plist;
				INFOPLIST_KEY_UIApplicationSupportsIndirectInputEvents = YES;
				INFOPLIST_KEY_UILaunchStoryboardName = LaunchScreen;
				INFOPLIST_KEY_UISupportedInterfaceOrientations_iPad = "UIInterfaceOrientationPortrait UIInterfaceOrientationPortraitUpsideDown UIInterfaceOrientationLandscapeLeft UIInterfaceOrientationLandscapeRight";
				INFOPLIST_KEY_UISupportedInterfaceOrientations_iPhone = "UIInterfaceOrientationPortrait UIInterfaceOrientationLandscapeLeft UIInterfaceOrientationLandscapeRight";
				LD_RUNPATH_SEARCH_PATHS = (
					"$(inherited)",
					"@executable_path/Frameworks",
				);
				MARKETING_VERSION = 1.0;
				PRODUCT_BUNDLE_IDENTIFIER = com.satori.OCShellApp;
				PRODUCT_NAME = "$(TARGET_NAME)";
				SWIFT_EMIT_LOC_STRINGS = YES;
				SWIFT_OBJC_BRIDGING_HEADER = "OCShellApp/Controllers/OCShellApp-Bridging-Header.h";
				SWIFT_VERSION = 5.0;
				TARGETED_DEVICE_FAMILY = "1,2";
			};
			name = Release;
		};
/* End XCBuildConfiguration section */

/* Begin XCConfigurationList section */
		49FD02D52B9F02CD00F66DA8 /* Build configuration list for PBXProject "OCShellApp" */ = {
			isa = XCConfigurationList;
			buildConfigurations = (
				49FD02F12B9F02CE00F66DA8 /* Debug */,
				49FD02F22B9F02CE00F66DA8 /* Release */,
			);
			defaultConfigurationIsVisible = 0;
			defaultConfigurationName = Release;
		};
		49FD02F32B9F02CE00F66DA8 /* Build configuration list for PBXNativeTarget "OCShellApp" */ = {
			isa = XCConfigurationList;
			buildConfigurations = (
				49FD02F42B9F02CE00F66DA8 /* Debug */,
				49FD02F52B9F02CE00F66DA8 /* Release */,
			);
			defaultConfigurationIsVisible = 0;
			defaultConfigurationName = Release;
		};
/* End XCConfigurationList section */
	};
	rootObject = 49FD02D22B9F02CD00F66DA8 /* Project object */;
}
